
Microsoft Visual Studio Solution File, Format Version 12.00
# Visual Studio Version 16
VisualStudioVersion = 16.0.30114.105
MinimumVisualStudioVersion = 10.0.40219.1
Project("{9A19103F-16F7-4668-BE54-9A1E7A4F7556}") = "WebVendas", "WebVendas\WebVendas.csproj", "{CAC35F8D-5581-4437-ABDD-1764D3AF4E29}"
EndProject
Global
	GlobalSection(SolutionConfigurationPlatforms) = preSolution
		Debug|Any CPU = Debug|Any CPU
		Release|Any CPU = Release|Any CPU
	EndGlobalSection
	GlobalSection(ProjectConfigurationPlatforms) = postSolution
		{CAC35F8D-5581-4437-ABDD-1764D3AF4E29}.Debug|Any CPU.ActiveCfg = Debug|Any CPU
		{CAC35F8D-5581-4437-ABDD-1764D3AF4E29}.Debug|Any CPU.Build.0 = Debug|Any CPU
		{CAC35F8D-5581-4437-ABDD-1764D3AF4E29}.Release|Any CPU.ActiveCfg = Release|Any CPU
		{CAC35F8D-5581-4437-ABDD-1764D3AF4E29}.Release|Any CPU.Build.0 = Release|Any CPU
	EndGlobalSection
	GlobalSection(SolutionProperties) = preSolution
		HideSolutionNode = FALSE
	EndGlobalSection
	GlobalSection(ExtensibilityGlobals) = postSolution
		SolutionGuid = {D0AFDD0F-BCC7-4D66-896C-D9FD6F3AF862}
	EndGlobalSection
EndGlobal
